
Microsoft Visual Studio Solution File, Format Version 12.00
# Visual Studio 15
VisualStudioVersion = 15.0.27004.2005
MinimumVisualStudioVersion = 10.0.40219.1
Project("{FAE04EC0-301F-11D3-BF4B-00C04F79EFBC}") = "DoanhThu", "DoanhTh\DoanhThu.csproj", "{B35C812D-C26E-499B-9BA3-1F8CE3BA7531}"
EndProject
Global
	GlobalSection(SolutionConfigurationPlatforms) = preSolution
		Debug|Any CPU = Debug|Any CPU
		Release|Any CPU = Release|Any CPU
	EndGlobalSection
	GlobalSection(ProjectConfigurationPlatforms) = postSolution
		{B35C812D-C26E-499B-9BA3-1F8CE3BA7531}.Debug|Any CPU.ActiveCfg = Debug|Any CPU
		{B35C812D-C26E-499B-9BA3-1F8CE3BA7531}.Debug|Any CPU.Build.0 = Debug|Any CPU
		{B35C812D-C26E-499B-9BA3-1F8CE3BA7531}.Release|Any CPU.ActiveCfg = Release|Any CPU
		{B35C812D-C26E-499B-9BA3-1F8CE3BA7531}.Release|Any CPU.Build.0 = Release|Any CPU
	EndGlobalSection
	GlobalSection(SolutionProperties) = preSolution
		HideSolutionNode = FALSE
	EndGlobalSection
	GlobalSection(ExtensibilityGlobals) = postSolution
		SolutionGuid = {85A0D242-6F88-4A65-9898-49E352F07519}
	EndGlobalSection
EndGlobal
